PODS:
  - AFNetworking (3.1.0):
    - AFNetworking/NSURLSession (= 3.1.0)
    - AFNetworking/Reachability (= 3.1.0)
    - AFNetworking/Security (= 3.1.0)
    - AFNetworking/Serialization (= 3.1.0)
    - AFNetworking/UIKit (= 3.1.0)
  - AFNetworking/NSURLSession (3.1.0):
    - AFNetworking/Reachability
    - AFNetworking/Security
    - AFNetworking/Serialization
  - AFNetworking/Reachability (3.1.0)
  - AFNetworking/Security (3.1.0)
  - AFNetworking/Serialization (3.1.0)
  - AFNetworking/UIKit (3.1.0):
    - AFNetworking/NSURLSession
  - DOUAudioStreamer (0.2.15)
  - EZAudio (1.1.5):
    - EZAudio/Full (= 1.1.5)
  - EZAudio/Core (1.1.5)
  - EZAudio/Full (1.1.5):
    - EZAudio/Core
    - TPCircularBuffer (= 1.1)
  - FBRetainCycleDetector (0.1.3)
  - JCAlertView (1.1.5)
  - MBProgressHUD (0.9.2)
  - MJExtension (3.0.13)
  - MLeaksFinder (1.0.0):
    - FBRetainCycleDetector
  - NinaPagerView (1.6.2)
  - ReactiveObjC (3.0.0)
  - SDWebImage (4.2.1):
    - SDWebImage/Core (= 4.2.1)
  - SDWebImage/Core (4.2.1)
  - TheAmazingAudioEngine (1.5.8)
  - TPCircularBuffer (1.1)

DEPENDENCIES:
  - AFNetworking (~> 3.1.0)
  - DOUAudioStreamer (~> 0.2.15)
  - EZAudio (~> 1.1.5)
  - JCAlertView (~> 1.1.5)
  - MBProgressHUD (~> 0.9.2)
  - MJExtension (~> 3.0.10)
  - MLeaksFinder (~> 1.0.0)
  - NinaPagerView (~> 1.6.2)
  - ReactiveObjC (~> 3.0.0)
  - SDWebImage
  - TheAmazingAudioEngine (~> 1.5.8)

SPEC CHECKSUMS:
  AFNetworking: 5e0e199f73d8626b11e79750991f5d173d1f8b67
  DOUAudioStreamer: 14f217bab01b52171fc2bd7d96e1f8fdd50fce68
  EZAudio: 3b1cb4b6d7ebca68f0c2478576d75940aad4aa99
  FBRetainCycleDetector: f0c7b290bf48ae77f6ae060843ce34ae341781eb
  JCAlertView: c65a7b298b8b497b3db783d82f719b88f4914869
  MBProgressHUD: 1569cf7ace17a8bac47aabfbb8580a49690386d1
  MJExtension: 5932755f451458eefa24239358817f8d291240c7
  MLeaksFinder: 8c435bd2f6d070af18cff082b503b21adc130fc0
  NinaPagerView: d197b579cb5a9beb5c3cb45c027a7463de52e64f
  ReactiveObjC: ce79989e8684b9086b5f8d0c74bc7b81a8729c9e
  SDWebImage: 1fa4c9edf525b744f002db89f3f5a38b3cd4c541
  TheAmazingAudioEngine: 24e382d9468283bb1b3f08df29b514aa522ef4fd
  TPCircularBuffer: 4960a919e667280f7f38963d771f45871b64fe62

PODFILE CHECKSUM: b4e01d899445a438c6d6ca36b42d2515a4b9745d

COCOAPODS: 1.4.0
